
Microsoft Visual Studio Solution File, Format Version 12.00
# Visual Studio Version 16
VisualStudioVersion = 16.0.34114.132
MinimumVisualStudioVersion = 10.0.40219.1
Project("{8BC9CEB8-8B4A-11D0-8D11-00A0C91BC942}") = "SetClass", "SetClass\SetClass.vcxproj", "{C1B069DD-71C8-42D0-A4C7-5D38C5E01ED0}"
EndProject
Project("{8BC9CEB8-8B4A-11D0-8D11-00A0C91BC942}") = "SetApplication", "SetApplication\SetApplication.vcxproj", "{322DAEA3-AF70-45B5-B044-BFF5A7431A98}"
EndProject
Project("{2150E333-8FDC-42A3-9474-1A3956D46DE8}") = "Solution Items", "Solution Items", "{C8EDD37F-AA98-49A9-9EA0-C503CBA68135}"
	ProjectSection(SolutionItems) = preProject
		README.md = README.md
	EndProjectSection
EndProject
Project("{8BC9CEB8-8B4A-11D0-8D11-00A0C91BC942}") = "SetUnitTests", "SetUnitTests\SetUnitTests.vcxproj", "{520ED59C-DAD4-44FB-AE8E-D7FF64E28EEC}"
EndProject
Global
	GlobalSection(SolutionConfigurationPlatforms) = preSolution
		Debug|x64 = Debug|x64
		Debug|x86 = Debug|x86
		Release|x64 = Release|x64
		Release|x86 = Release|x86
	EndGlobalSection
	GlobalSection(ProjectConfigurationPlatforms) = postSolution
		{C1B069DD-71C8-42D0-A4C7-5D38C5E01ED0}.Debug|x64.ActiveCfg = Debug|x64
		{C1B069DD-71C8-42D0-A4C7-5D38C5E01ED0}.Debug|x64.Build.0 = Debug|x64
		{C1B069DD-71C8-42D0-A4C7-5D38C5E01ED0}.Debug|x86.ActiveCfg = Debug|Win32
		{C1B069DD-71C8-42D0-A4C7-5D38C5E01ED0}.Debug|x86.Build.0 = Debug|Win32
		{C1B069DD-71C8-42D0-A4C7-5D38C5E01ED0}.Release|x64.ActiveCfg = Release|x64
		{C1B069DD-71C8-42D0-A4C7-5D38C5E01ED0}.Release|x64.Build.0 = Release|x64
		{C1B069DD-71C8-42D0-A4C7-5D38C5E01ED0}.Release|x86.ActiveCfg = Release|Win32
		{C1B069DD-71C8-42D0-A4C7-5D38C5E01ED0}.Release|x86.Build.0 = Release|Win32
		{322DAEA3-AF70-45B5-B044-BFF5A7431A98}.Debug|x64.ActiveCfg = Debug|x64
		{322DAEA3-AF70-45B5-B044-BFF5A7431A98}.Debug|x64.Build.0 = Debug|x64
		{322DAEA3-AF70-45B5-B044-BFF5A7431A98}.Debug|x86.ActiveCfg = Debug|Win32
		{322DAEA3-AF70-45B5-B044-BFF5A7431A98}.Debug|x86.Build.0 = Debug|Win32
		{322DAEA3-AF70-45B5-B044-BFF5A7431A98}.Release|x64.ActiveCfg = Release|x64
		{322DAEA3-AF70-45B5-B044-BFF5A7431A98}.Release|x64.Build.0 = Release|x64
		{322DAEA3-AF70-45B5-B044-BFF5A7431A98}.Release|x86.ActiveCfg = Release|Win32
		{322DAEA3-AF70-45B5-B044-BFF5A7431A98}.Release|x86.Build.0 = Release|Win32
		{520ED59C-DAD4-44FB-AE8E-D7FF64E28EEC}.Debug|x64.ActiveCfg = Debug|x64
		{520ED59C-DAD4-44FB-AE8E-D7FF64E28EEC}.Debug|x64.Build.0 = Debug|x64
		{520ED59C-DAD4-44FB-AE8E-D7FF64E28EEC}.Debug|x86.ActiveCfg = Debug|Win32
		{520ED59C-DAD4-44FB-AE8E-D7FF64E28EEC}.Debug|x86.Build.0 = Debug|Win32
		{520ED59C-DAD4-44FB-AE8E-D7FF64E28EEC}.Release|x64.ActiveCfg = Release|x64
		{520ED59C-DAD4-44FB-AE8E-D7FF64E28EEC}.Release|x64.Build.0 = Release|x64
		{520ED59C-DAD4-44FB-AE8E-D7FF64E28EEC}.Release|x86.ActiveCfg = Release|Win32
		{520ED59C-DAD4-44FB-AE8E-D7FF64E28EEC}.Release|x86.Build.0 = Release|Win32
	EndGlobalSection
	GlobalSection(SolutionProperties) = preSolution
		HideSolutionNode = FALSE
	EndGlobalSection
	GlobalSection(ExtensibilityGlobals) = postSolution
		SolutionGuid = {CF7C73DB-4225-4BB8-966E-F9EE5894B147}
	EndGlobalSection
EndGlobal
